
Microsoft Visual Studio Solution File, Format Version 12.00
# Visual Studio Version 17
VisualStudioVersion = 17.4.33110.190
MinimumVisualStudioVersion = 10.0.40219.1
Project("{FAE04EC0-301F-11D3-BF4B-00C04F79EFBC}") = "ImpinjReader", "ImpinjReader\ImpinjReader.csproj", "{099E1DAB-F37B-46AE-BEA5-7DF6C444CE51}"
EndProject
Global
	GlobalSection(SolutionConfigurationPlatforms) = preSolution
		Debug|Any CPU = Debug|Any CPU
		Release|Any CPU = Release|Any CPU
	EndGlobalSection
	GlobalSection(ProjectConfigurationPlatforms) = postSolution
		{099E1DAB-F37B-46AE-BEA5-7DF6C444CE51}.Debug|Any CPU.ActiveCfg = Debug|Any CPU
		{099E1DAB-F37B-46AE-BEA5-7DF6C444CE51}.Debug|Any CPU.Build.0 = Debug|Any CPU
		{099E1DAB-F37B-46AE-BEA5-7DF6C444CE51}.Release|Any CPU.ActiveCfg = Release|Any CPU
		{099E1DAB-F37B-46AE-BEA5-7DF6C444CE51}.Release|Any CPU.Build.0 = Release|Any CPU
	EndGlobalSection
	GlobalSection(SolutionProperties) = preSolution
		HideSolutionNode = FALSE
	EndGlobalSection
	GlobalSection(ExtensibilityGlobals) = postSolution
		SolutionGuid = {3987B0B6-A921-4634-8209-9E78A6C991FE}
	EndGlobalSection
EndGlobal
